
Microsoft Visual Studio Solution File, Format Version 12.00
# Visual Studio 15
VisualStudioVersion = 15.0.28307.102
MinimumVisualStudioVersion = 10.0.40219.1
Project("{F184B08F-C81C-45F6-A57F-5ABD9991F28F}") = "xpeg_count_project", "xpeg_count_project\xpeg_count_project.vbproj", "{31F06E75-94EA-4229-A394-0C6581371116}"
EndProject
Project("{C7167F0D-BC9F-4E6E-AFE1-012C56B48DB5}") = "PackageApplication_XPEG_Count", "PackageApplication_XPEG_Count\PackageApplication_XPEG_Count.wapproj", "{C27855AC-B0BF-4398-928C-99E838796A63}"
EndProject
Global
	GlobalSection(SolutionConfigurationPlatforms) = preSolution
		Debug|Any CPU = Debug|Any CPU
		Debug|x64 = Debug|x64
		Debug|x86 = Debug|x86
		Release|Any CPU = Release|Any CPU
		Release|x64 = Release|x64
		Release|x86 = Release|x86
	EndGlobalSection
	GlobalSection(ProjectConfigurationPlatforms) = postSolution
		{31F06E75-94EA-4229-A394-0C6581371116}.Debug|Any CPU.ActiveCfg = Debug|Any CPU
		{31F06E75-94EA-4229-A394-0C6581371116}.Debug|Any CPU.Build.0 = Debug|Any CPU
		{31F06E75-94EA-4229-A394-0C6581371116}.Debug|x64.ActiveCfg = Debug|Any CPU
		{31F06E75-94EA-4229-A394-0C6581371116}.Debug|x64.Build.0 = Debug|Any CPU
		{31F06E75-94EA-4229-A394-0C6581371116}.Debug|x86.ActiveCfg = Debug|Any CPU
		{31F06E75-94EA-4229-A394-0C6581371116}.Debug|x86.Build.0 = Debug|Any CPU
		{31F06E75-94EA-4229-A394-0C6581371116}.Release|Any CPU.ActiveCfg = Release|Any CPU
		{31F06E75-94EA-4229-A394-0C6581371116}.Release|Any CPU.Build.0 = Release|Any CPU
		{31F06E75-94EA-4229-A394-0C6581371116}.Release|x64.ActiveCfg = Release|Any CPU
		{31F06E75-94EA-4229-A394-0C6581371116}.Release|x64.Build.0 = Release|Any CPU
		{31F06E75-94EA-4229-A394-0C6581371116}.Release|x86.ActiveCfg = Release|Any CPU
		{31F06E75-94EA-4229-A394-0C6581371116}.Release|x86.Build.0 = Release|Any CPU
		{C27855AC-B0BF-4398-928C-99E838796A63}.Debug|Any CPU.ActiveCfg = Debug|Any CPU
		{C27855AC-B0BF-4398-928C-99E838796A63}.Debug|Any CPU.Build.0 = Debug|Any CPU
		{C27855AC-B0BF-4398-928C-99E838796A63}.Debug|Any CPU.Deploy.0 = Debug|Any CPU
		{C27855AC-B0BF-4398-928C-99E838796A63}.Debug|x64.ActiveCfg = Debug|x64
		{C27855AC-B0BF-4398-928C-99E838796A63}.Debug|x64.Build.0 = Debug|x64
		{C27855AC-B0BF-4398-928C-99E838796A63}.Debug|x64.Deploy.0 = Debug|x64
		{C27855AC-B0BF-4398-928C-99E838796A63}.Debug|x86.ActiveCfg = Debug|x86
		{C27855AC-B0BF-4398-928C-99E838796A63}.Debug|x86.Build.0 = Debug|x86
		{C27855AC-B0BF-4398-928C-99E838796A63}.Debug|x86.Deploy.0 = Debug|x86
		{C27855AC-B0BF-4398-928C-99E838796A63}.Release|Any CPU.ActiveCfg = Release|Any CPU
		{C27855AC-B0BF-4398-928C-99E838796A63}.Release|Any CPU.Build.0 = Release|Any CPU
		{C27855AC-B0BF-4398-928C-99E838796A63}.Release|Any CPU.Deploy.0 = Release|Any CPU
		{C27855AC-B0BF-4398-928C-99E838796A63}.Release|x64.ActiveCfg = Release|x64
		{C27855AC-B0BF-4398-928C-99E838796A63}.Release|x64.Build.0 = Release|x64
		{C27855AC-B0BF-4398-928C-99E838796A63}.Release|x64.Deploy.0 = Release|x64
		{C27855AC-B0BF-4398-928C-99E838796A63}.Release|x86.ActiveCfg = Release|x86
		{C27855AC-B0BF-4398-928C-99E838796A63}.Release|x86.Build.0 = Release|x86
		{C27855AC-B0BF-4398-928C-99E838796A63}.Release|x86.Deploy.0 = Release|x86
	EndGlobalSection
	GlobalSection(SolutionProperties) = preSolution
		HideSolutionNode = FALSE
	EndGlobalSection
	GlobalSection(ExtensibilityGlobals) = postSolution
		SolutionGuid = {E8A50D95-A438-4C65-8C06-76E347800AE1}
	EndGlobalSection
EndGlobal
